Microsoft Visual Studio Solution File, Format Version 12.00
# Visual Studio Version 17
VisualStudioVersion = 17.5.2.0
MinimumVisualStudioVersion = 10.0.40219.1
Project("{FAE04EC0-301F-11D3-BF4B-00C04F79EFBC}") = "CSharpCalc", "CSharpCalc.csproj", "{7C75ACFB-B6A3-7D8D-67A0-ED22991E26C2}"
EndProject
Global
	GlobalSection(SolutionConfigurationPlatforms) = preSolution
		Debug|Any CPU = Debug|Any CPU
		Release|Any CPU = Release|Any CPU
	EndGlobalSection
	GlobalSection(ProjectConfigurationPlatforms) = postSolution
		{7C75ACFB-B6A3-7D8D-67A0-ED22991E26C2}.Debug|Any CPU.ActiveCfg = Debug|Any CPU
		{7C75ACFB-B6A3-7D8D-67A0-ED22991E26C2}.Debug|Any CPU.Build.0 = Debug|Any CPU
		{7C75ACFB-B6A3-7D8D-67A0-ED22991E26C2}.Release|Any CPU.ActiveCfg = Release|Any CPU
		{7C75ACFB-B6A3-7D8D-67A0-ED22991E26C2}.Release|Any CPU.Build.0 = Release|Any CPU
	EndGlobalSection
	GlobalSection(SolutionProperties) = preSolution
		HideSolutionNode = FALSE
	EndGlobalSection
	GlobalSection(ExtensibilityGlobals) = postSolution
		SolutionGuid = {D40AD2CF-8464-4C98-A8D8-8319ED6C777F}
	EndGlobalSection
EndGlobal
