Microsoft Visual Studio Solution File, Format Version 12.00
# Visual Studio Version 17
VisualStudioVersion = 17.5.2.0
MinimumVisualStudioVersion = 10.0.40219.1
Project("{FAE04EC0-301F-11D3-BF4B-00C04F79EFBC}") = "ReportApi", "ReportApi.csproj", "{EE71A72D-2D20-1B3E-476C-CAD15D5171BB}"
EndProject
Global
	GlobalSection(SolutionConfigurationPlatforms) = preSolution
		Debug|Any CPU = Debug|Any CPU
		Release|Any CPU = Release|Any CPU
	EndGlobalSection
	GlobalSection(ProjectConfigurationPlatforms) = postSolution
		{EE71A72D-2D20-1B3E-476C-CAD15D5171BB}.Debug|Any CPU.ActiveCfg = Debug|Any CPU
		{EE71A72D-2D20-1B3E-476C-CAD15D5171BB}.Debug|Any CPU.Build.0 = Debug|Any CPU
		{EE71A72D-2D20-1B3E-476C-CAD15D5171BB}.Release|Any CPU.ActiveCfg = Release|Any CPU
		{EE71A72D-2D20-1B3E-476C-CAD15D5171BB}.Release|Any CPU.Build.0 = Release|Any CPU
	EndGlobalSection
	GlobalSection(SolutionProperties) = preSolution
		HideSolutionNode = FALSE
	EndGlobalSection
	GlobalSection(ExtensibilityGlobals) = postSolution
		SolutionGuid = {816002A4-3258-4C10-8C15-12A944CD85B3}
	EndGlobalSection
EndGlobal
